
Microsoft Visual Studio Solution File, Format Version 12.00
# Visual Studio Version 16
VisualStudioVersion = 16.0.29709.97
MinimumVisualStudioVersion = 10.0.40219.1
Project("{9A19103F-16F7-4668-BE54-9A1E7A4F7556}") = "Managerize.InvoiceService", "Managerize.InvoiceService\Managerize.InvoiceService.csproj", "{C82A4A13-451B-4154-A6A5-BDCD3B8808FD}"
EndProject
Project("{FAE04EC0-301F-11D3-BF4B-00C04F79EFBC}") = "Managerize.InvoiceService.Models", "Managerize.InvoiceService.Models\Managerize.InvoiceService.Models.csproj", "{D9A25063-9ED7-4731-A442-F6634050F4B2}"
EndProject
Global
	GlobalSection(SolutionConfigurationPlatforms) = preSolution
		Debug|Any CPU = Debug|Any CPU
		Release|Any CPU = Release|Any CPU
	EndGlobalSection
	GlobalSection(ProjectConfigurationPlatforms) = postSolution
		{C82A4A13-451B-4154-A6A5-BDCD3B8808FD}.Debug|Any CPU.ActiveCfg = Debug|Any CPU
		{C82A4A13-451B-4154-A6A5-BDCD3B8808FD}.Debug|Any CPU.Build.0 = Debug|Any CPU
		{C82A4A13-451B-4154-A6A5-BDCD3B8808FD}.Release|Any CPU.ActiveCfg = Release|Any CPU
		{C82A4A13-451B-4154-A6A5-BDCD3B8808FD}.Release|Any CPU.Build.0 = Release|Any CPU
		{D9A25063-9ED7-4731-A442-F6634050F4B2}.Debug|Any CPU.ActiveCfg = Debug|Any CPU
		{D9A25063-9ED7-4731-A442-F6634050F4B2}.Debug|Any CPU.Build.0 = Debug|Any CPU
		{D9A25063-9ED7-4731-A442-F6634050F4B2}.Release|Any CPU.ActiveCfg = Release|Any CPU
		{D9A25063-9ED7-4731-A442-F6634050F4B2}.Release|Any CPU.Build.0 = Release|Any CPU
	EndGlobalSection
	GlobalSection(SolutionProperties) = preSolution
		HideSolutionNode = FALSE
	EndGlobalSection
	GlobalSection(ExtensibilityGlobals) = postSolution
		SolutionGuid = {29C5EF43-E8D2-41D8-8719-50CA331877D3}
	EndGlobalSection
EndGlobal
