
Microsoft Visual Studio Solution File, Format Version 12.00
# Visual Studio Version 16
VisualStudioVersion = 16.0.29709.97
MinimumVisualStudioVersion = 10.0.40219.1
Project("{9A19103F-16F7-4668-BE54-9A1E7A4F7556}") = "Managerize.EmployeeService", "Managerize.EmployeeService\Managerize.EmployeeService.csproj", "{3FEE9445-582C-442B-8459-2B0B6621FFDB}"
EndProject
Global
	GlobalSection(SolutionConfigurationPlatforms) = preSolution
		Debug|Any CPU = Debug|Any CPU
		Release|Any CPU = Release|Any CPU
	EndGlobalSection
	GlobalSection(ProjectConfigurationPlatforms) = postSolution
		{3FEE9445-582C-442B-8459-2B0B6621FFDB}.Debug|Any CPU.ActiveCfg = Debug|Any CPU
		{3FEE9445-582C-442B-8459-2B0B6621FFDB}.Debug|Any CPU.Build.0 = Debug|Any CPU
		{3FEE9445-582C-442B-8459-2B0B6621FFDB}.Release|Any CPU.ActiveCfg = Release|Any CPU
		{3FEE9445-582C-442B-8459-2B0B6621FFDB}.Release|Any CPU.Build.0 = Release|Any CPU
	EndGlobalSection
	GlobalSection(SolutionProperties) = preSolution
		HideSolutionNode = FALSE
	EndGlobalSection
	GlobalSection(ExtensibilityGlobals) = postSolution
		SolutionGuid = {400FDF95-F908-4091-938C-C6E5D2337CE5}
	EndGlobalSection
EndGlobal
